// !$*UTF8*$!
{
	archiveVersion = 1;
	classes = {
	};
	objectVersion = 55;
	objects = {

/* Begin PBXBuildFile section */
		FB3BF26428708D0C007D6B9E /* DoCatchTryThrows.swift in Sources */ = {isa = PBXBuildFile; fileRef = FB3BF26328708D0C007D6B9E /* DoCatchTryThrows.swift */; };
		FB3BF26628709634007D6B9E /* DownloadImageAsync.swift in Sources */ = {isa = PBXBuildFile; fileRef = FB3BF26528709634007D6B9E /* DownloadImageAsync.swift */; };
		FB3BF2682870E75A007D6B9E /* AsyncAwait.swift in Sources */ = {isa = PBXBuildFile; fileRef = FB3BF2672870E75A007D6B9E /* AsyncAwait.swift */; };
		FB3BF26A28722412007D6B9E /* Tasks.swift in Sources */ = {isa = PBXBuildFile; fileRef = FB3BF26928722412007D6B9E /* Tasks.swift */; };
		FB3BF26C287351B9007D6B9E /* AsyncLet.swift in Sources */ = {isa = PBXBuildFile; fileRef = FB3BF26B287351B9007D6B9E /* AsyncLet.swift */; };
		FB3BF26E28736D7A007D6B9E /* TaskGroups.swift in Sources */ = {isa = PBXBuildFile; fileRef = FB3BF26D28736D7A007D6B9E /* TaskGroups.swift */; };
		FB3ED96E286F806C00A856D8 /* SwiftConcurrencyApp.swift in Sources */ = {isa = PBXBuildFile; fileRef = FB3ED96D286F806C00A856D8 /* SwiftConcurrencyApp.swift */; };
		FB3ED970286F806C00A856D8 /* ContentView.swift in Sources */ = {isa = PBXBuildFile; fileRef = FB3ED96F286F806C00A856D8 /* ContentView.swift */; };
		FB3ED972286F806D00A856D8 /* Assets.xcassets in Resources */ = {isa = PBXBuildFile; fileRef = FB3ED971286F806D00A856D8 /* Assets.xcassets */; };
		FB3ED975286F806D00A856D8 /* Preview Assets.xcassets in Resources */ = {isa = PBXBuildFile; fileRef = FB3ED974286F806D00A856D8 /* Preview Assets.xcassets */; };
		FB73C0D22875D8C200A226F7 /* CheckContinuation.swift in Sources */ = {isa = PBXBuildFile; fileRef = FB73C0D12875D8C200A226F7 /* CheckContinuation.swift */; };
		FB73C0D42878516B00A226F7 /* DependencyInjection.swift in Sources */ = {isa = PBXBuildFile; fileRef = FB73C0D32878516B00A226F7 /* DependencyInjection.swift */; };
		FBAAEB0C287B651500744259 /* UnitTestingView.swift in Sources */ = {isa = PBXBuildFile; fileRef = FBAAEB0B287B651500744259 /* UnitTestingView.swift */; };
		FBAAEB0E287B66F500744259 /* UnitTestingViewModel.swift in Sources */ = {isa = PBXBuildFile; fileRef = FBAAEB0D287B66F500744259 /* UnitTestingViewModel.swift */; };
		FBAAEB16287B67B200744259 /* UnitTesting_Tests.swift in Sources */ = {isa = PBXBuildFile; fileRef = FBAAEB15287B67B200744259 /* UnitTesting_Tests.swift */; };
		FBAAEB1D287B687300744259 /* UnitTestingViewModel_Tests.swift in Sources */ = {isa = PBXBuildFile; fileRef = FBAAEB1C287B687300744259 /* UnitTestingViewModel_Tests.swift */; };
		FBAAEB1F287B842B00744259 /* NewMockDataService.swift in Sources */ = {isa = PBXBuildFile; fileRef = FBAAEB1E287B842B00744259 /* NewMockDataService.swift */; };
		FBAAEB21287B845600744259 /* NewMockDataService_Tests.swift in Sources */ = {isa = PBXBuildFile; fileRef = FBAAEB20287B845600744259 /* NewMockDataService_Tests.swift */; };
/* End PBXBuildFile section */

/* Begin PBXContainerItemProxy section */
		FBAAEB17287B67B200744259 /* PBXContainerItemProxy */ = {
			isa = PBXContainerItemProxy;
			containerPortal = FB3ED962286F806C00A856D8 /* Project object */;
			proxyType = 1;
			remoteGlobalIDString = FB3ED969286F806C00A856D8;
			remoteInfo = SwiftConcurrency;
		};
/* End PBXContainerItemProxy section */

/* Begin PBXFileReference section */
		FB3BF26328708D0C007D6B9E /* DoCatchTryThrows.swift */ = {isa = PBXFileReference; lastKnownFileType = sourcecode.swift; path = DoCatchTryThrows.swift; sourceTree = "<group>"; };
		FB3BF26528709634007D6B9E /* DownloadImageAsync.swift */ = {isa = PBXFileReference; lastKnownFileType = sourcecode.swift; path = DownloadImageAsync.swift; sourceTree = "<group>"; };
		FB3BF2672870E75A007D6B9E /* AsyncAwait.swift */ = {isa = PBXFileReference; lastKnownFileType = sourcecode.swift; path = AsyncAwait.swift; sourceTree = "<group>"; };
		FB3BF26928722412007D6B9E /* Tasks.swift */ = {isa = PBXFileReference; lastKnownFileType = sourcecode.swift; path = Tasks.swift; sourceTree = "<group>"; };
		FB3BF26B287351B9007D6B9E /* AsyncLet.swift */ = {isa = PBXFileReference; lastKnownFileType = sourcecode.swift; path = AsyncLet.swift; sourceTree = "<group>"; };
		FB3BF26D28736D7A007D6B9E /* TaskGroups.swift */ = {isa = PBXFileReference; lastKnownFileType = sourcecode.swift; path = TaskGroups.swift; sourceTree = "<group>"; };
		FB3ED96A286F806C00A856D8 /* SwiftConcurrency.app */ = {isa = PBXFileReference; explicitFileType = wrapper.application; includeInIndex = 0; path = SwiftConcurrency.app; sourceTree = BUILT_PRODUCTS_DIR; };
		FB3ED96D286F806C00A856D8 /* SwiftConcurrencyApp.swift */ = {isa = PBXFileReference; lastKnownFileType = sourcecode.swift; path = SwiftConcurrencyApp.swift; sourceTree = "<group>"; };
		FB3ED96F286F806C00A856D8 /* ContentView.swift */ = {isa = PBXFileReference; lastKnownFileType = sourcecode.swift; path = ContentView.swift; sourceTree = "<group>"; };
		FB3ED971286F806D00A856D8 /* Assets.xcassets */ = {isa = PBXFileReference; lastKnownFileType = folder.assetcatalog; path = Assets.xcassets; sourceTree = "<group>"; };
		FB3ED974286F806D00A856D8 /* Preview Assets.xcassets */ = {isa = PBXFileReference; lastKnownFileType = folder.assetcatalog; path = "Preview Assets.xcassets"; sourceTree = "<group>"; };
		FB73C0D12875D8C200A226F7 /* CheckContinuation.swift */ = {isa = PBXFileReference; lastKnownFileType = sourcecode.swift; path = CheckContinuation.swift; sourceTree = "<group>"; };
		FB73C0D32878516B00A226F7 /* DependencyInjection.swift */ = {isa = PBXFileReference; lastKnownFileType = sourcecode.swift; path = DependencyInjection.swift; sourceTree = "<group>"; };
		FBAAEB0B287B651500744259 /* UnitTestingView.swift */ = {isa = PBXFileReference; lastKnownFileType = sourcecode.swift; path = UnitTestingView.swift; sourceTree = "<group>"; };
		FBAAEB0D287B66F500744259 /* UnitTestingViewModel.swift */ = {isa = PBXFileReference; lastKnownFileType = sourcecode.swift; path = UnitTestingViewModel.swift; sourceTree = "<group>"; };
		FBAAEB13287B67B200744259 /* UnitTesting_Tests.xctest */ = {isa = PBXFileReference; explicitFileType = wrapper.cfbundle; includeInIndex = 0; path = UnitTesting_Tests.xctest; sourceTree = BUILT_PRODUCTS_DIR; };
		FBAAEB15287B67B200744259 /* UnitTesting_Tests.swift */ = {isa = PBXFileReference; lastKnownFileType = sourcecode.swift; path = UnitTesting_Tests.swift; sourceTree = "<group>"; };
		FBAAEB1C287B687300744259 /* UnitTestingViewModel_Tests.swift */ = {isa = PBXFileReference; lastKnownFileType = sourcecode.swift; path = UnitTestingViewModel_Tests.swift; sourceTree = "<group>"; };
		FBAAEB1E287B842B00744259 /* NewMockDataService.swift */ = {isa = PBXFileReference; lastKnownFileType = sourcecode.swift; path = NewMockDataService.swift; sourceTree = "<group>"; };
		FBAAEB20287B845600744259 /* NewMockDataService_Tests.swift */ = {isa = PBXFileReference; lastKnownFileType = sourcecode.swift; path = NewMockDataService_Tests.swift; sourceTree = "<group>"; };
/* End PBXFileReference section */

/* Begin PBXFrameworksBuildPhase section */
		FB3ED967286F806C00A856D8 /* Frameworks */ = {
			isa = PBXFrameworksBuildPhase;
			buildActionMask = 2147483647;
			files = (
			);
			runOnlyForDeploymentPostprocessing = 0;
		};
		FBAAEB10287B67B200744259 /* Frameworks */ = {
			isa = PBXFrameworksBuildPhase;
			buildActionMask = 2147483647;
			files = (
			);
			runOnlyForDeploymentPostprocessing = 0;
		};
/* End PBXFrameworksBuildPhase section */

/* Begin PBXGroup section */
		FB3ED961286F806C00A856D8 = {
			isa = PBXGroup;
			children = (
				FBAAEB0A287B5AE900744259 /* Unit Testing */,
				FB3ED96C286F806C00A856D8 /* SwiftConcurrency */,
				FBAAEB14287B67B200744259 /* UnitTesting_Tests */,
				FB3ED96B286F806C00A856D8 /* Products */,
			);
			sourceTree = "<group>";
		};
		FB3ED96B286F806C00A856D8 /* Products */ = {
			isa = PBXGroup;
			children = (
				FB3ED96A286F806C00A856D8 /* SwiftConcurrency.app */,
				FBAAEB13287B67B200744259 /* UnitTesting_Tests.xctest */,
			);
			name = Products;
			sourceTree = "<group>";
		};
		FB3ED96C286F806C00A856D8 /* SwiftConcurrency */ = {
			isa = PBXGroup;
			children = (
				FB3ED96D286F806C00A856D8 /* SwiftConcurrencyApp.swift */,
				FB3ED96F286F806C00A856D8 /* ContentView.swift */,
				FB3ED971286F806D00A856D8 /* Assets.xcassets */,
				FB3ED973286F806D00A856D8 /* Preview Content */,
				FB3BF26328708D0C007D6B9E /* DoCatchTryThrows.swift */,
				FB3BF26528709634007D6B9E /* DownloadImageAsync.swift */,
				FB3BF2672870E75A007D6B9E /* AsyncAwait.swift */,
				FB3BF26928722412007D6B9E /* Tasks.swift */,
				FB3BF26B287351B9007D6B9E /* AsyncLet.swift */,
				FB3BF26D28736D7A007D6B9E /* TaskGroups.swift */,
				FB73C0D12875D8C200A226F7 /* CheckContinuation.swift */,
				FB73C0D32878516B00A226F7 /* DependencyInjection.swift */,
			);
			path = SwiftConcurrency;
			sourceTree = "<group>";
		};
		FB3ED973286F806D00A856D8 /* Preview Content */ = {
			isa = PBXGroup;
			children = (
				FB3ED974286F806D00A856D8 /* Preview Assets.xcassets */,
			);
			path = "Preview Content";
			sourceTree = "<group>";
		};
		FBAAEB0A287B5AE900744259 /* Unit Testing */ = {
			isa = PBXGroup;
			children = (
				FBAAEB0B287B651500744259 /* UnitTestingView.swift */,
				FBAAEB0D287B66F500744259 /* UnitTestingViewModel.swift */,
				FBAAEB1E287B842B00744259 /* NewMockDataService.swift */,
			);
			path = "Unit Testing";
			sourceTree = "<group>";
		};
		FBAAEB14287B67B200744259 /* UnitTesting_Tests */ = {
			isa = PBXGroup;
			children = (
				FBAAEB15287B67B200744259 /* UnitTesting_Tests.swift */,
				FBAAEB1C287B687300744259 /* UnitTestingViewModel_Tests.swift */,
				FBAAEB20287B845600744259 /* NewMockDataService_Tests.swift */,
			);
			path = UnitTesting_Tests;
			sourceTree = "<group>";
		};
/* End PBXGroup section */

/* Begin PBXNativeTarget section */
		FB3ED969286F806C00A856D8 /* SwiftConcurrency */ = {
			isa = PBXNativeTarget;
			buildConfigurationList = FB3ED978286F806D00A856D8 /* Build configuration list for PBXNativeTarget "SwiftConcurrency" */;
			buildPhases = (
				FB3ED966286F806C00A856D8 /* Sources */,
				FB3ED967286F806C00A856D8 /* Frameworks */,
				FB3ED968286F806C00A856D8 /* Resources */,
			);
			buildRules = (
			);
			dependencies = (
			);
			name = SwiftConcurrency;
			productName = SwiftConcurrency;
			productReference = FB3ED96A286F806C00A856D8 /* SwiftConcurrency.app */;
			productType = "com.apple.product-type.application";
		};
		FBAAEB12287B67B200744259 /* UnitTesting_Tests */ = {
			isa = PBXNativeTarget;
			buildConfigurationList = FBAAEB19287B67B200744259 /* Build configuration list for PBXNativeTarget "UnitTesting_Tests" */;
			buildPhases = (
				FBAAEB0F287B67B200744259 /* Sources */,
				FBAAEB10287B67B200744259 /* Frameworks */,
				FBAAEB11287B67B200744259 /* Resources */,
			);
			buildRules = (
			);
			dependencies = (
				FBAAEB18287B67B200744259 /* PBXTargetDependency */,
			);
			name = UnitTesting_Tests;
			productName = UnitTesting_Tests;
			productReference = FBAAEB13287B67B200744259 /* UnitTesting_Tests.xctest */;
			productType = "com.apple.product-type.bundle.unit-test";
		};
/* End PBXNativeTarget section */

/* Begin PBXProject section */
		FB3ED962286F806C00A856D8 /* Project object */ = {
			isa = PBXProject;
			attributes = {
				BuildIndependentTargetsInParallel = 1;
				LastSwiftUpdateCheck = 1340;
				LastUpgradeCheck = 1340;
				TargetAttributes = {
					FB3ED969286F806C00A856D8 = {
						CreatedOnToolsVersion = 13.4.1;
					};
					FBAAEB12287B67B200744259 = {
						CreatedOnToolsVersion = 13.4.1;
						TestTargetID = FB3ED969286F806C00A856D8;
					};
				};
			};
			buildConfigurationList = FB3ED965286F806C00A856D8 /* Build configuration list for PBXProject "SwiftConcurrency" */;
			compatibilityVersion = "Xcode 13.0";
			developmentRegion = en;
			hasScannedForEncodings = 0;
			knownRegions = (
				en,
				Base,
			);
			mainGroup = FB3ED961286F806C00A856D8;
			productRefGroup = FB3ED96B286F806C00A856D8 /* Products */;
			projectDirPath = "";
			projectRoot = "";
			targets = (
				FB3ED969286F806C00A856D8 /* SwiftConcurrency */,
				FBAAEB12287B67B200744259 /* UnitTesting_Tests */,
			);
		};
/* End PBXProject section */

/* Begin PBXResourcesBuildPhase section */
		FB3ED968286F806C00A856D8 /* Resources */ = {
			isa = PBXResourcesBuildPhase;
			buildActionMask = 2147483647;
			files = (
				FB3ED975286F806D00A856D8 /* Preview Assets.xcassets in Resources */,
				FB3ED972286F806D00A856D8 /* Assets.xcassets in Resources */,
			);
			runOnlyForDeploymentPostprocessing = 0;
		};
		FBAAEB11287B67B200744259 /* Resources */ = {
			isa = PBXResourcesBuildPhase;
			buildActionMask = 2147483647;
			files = (
			);
			runOnlyForDeploymentPostprocessing = 0;
		};
/* End PBXResourcesBuildPhase section */

/* Begin PBXSourcesBuildPhase section */
		FB3ED966286F806C00A856D8 /* Sources */ = {
			isa = PBXSourcesBuildPhase;
			buildActionMask = 2147483647;
			files = (
				FB3BF26628709634007D6B9E /* DownloadImageAsync.swift in Sources */,
				FB3BF26428708D0C007D6B9E /* DoCatchTryThrows.swift in Sources */,
				FB73C0D42878516B00A226F7 /* DependencyInjection.swift in Sources */,
				FBAAEB0E287B66F500744259 /* UnitTestingViewModel.swift in Sources */,
				FBAAEB1F287B842B00744259 /* NewMockDataService.swift in Sources */,
				FB73C0D22875D8C200A226F7 /* CheckContinuation.swift in Sources */,
				FBAAEB0C287B651500744259 /* UnitTestingView.swift in Sources */,
				FB3BF26C287351B9007D6B9E /* AsyncLet.swift in Sources */,
				FB3BF2682870E75A007D6B9E /* AsyncAwait.swift in Sources */,
				FB3ED970286F806C00A856D8 /* ContentView.swift in Sources */,
				FB3BF26A28722412007D6B9E /* Tasks.swift in Sources */,
				FB3BF26E28736D7A007D6B9E /* TaskGroups.swift in Sources */,
				FB3ED96E286F806C00A856D8 /* SwiftConcurrencyApp.swift in Sources */,
			);
			runOnlyForDeploymentPostprocessing = 0;
		};
		FBAAEB0F287B67B200744259 /* Sources */ = {
			isa = PBXSourcesBuildPhase;
			buildActionMask = 2147483647;
			files = (
				FBAAEB1D287B687300744259 /* UnitTestingViewModel_Tests.swift in Sources */,
				FBAAEB16287B67B200744259 /* UnitTesting_Tests.swift in Sources */,
				FBAAEB21287B845600744259 /* NewMockDataService_Tests.swift in Sources */,
			);
			runOnlyForDeploymentPostprocessing = 0;
		};
/* End PBXSourcesBuildPhase section */

/* Begin PBXTargetDependency section */
		FBAAEB18287B67B200744259 /* PBXTargetDependency */ = {
			isa = PBXTargetDependency;
			target = FB3ED969286F806C00A856D8 /* SwiftConcurrency */;
			targetProxy = FBAAEB17287B67B200744259 /* PBXContainerItemProxy */;
		};
/* End PBXTargetDependency section */

/* Begin XCBuildConfiguration section */
		FB3ED976286F806D00A856D8 /* Debug */ = {
			isa = XCBuildConfiguration;
			buildSettings = {
				ALWAYS_SEARCH_USER_PATHS = NO;
				CLANG_ANALYZER_NONNULL = YES;
				CLANG_ANALYZER_NUMBER_OBJECT_CONVERSION = YES_AGGRESSIVE;
				CLANG_CXX_LANGUAGE_STANDARD = "gnu++17";
				CLANG_ENABLE_MODULES = YES;
				CLANG_ENABLE_OBJC_ARC = YES;
				CLANG_ENABLE_OBJC_WEAK = YES;
				CLANG_WARN_BLOCK_CAPTURE_AUTORELEASING = YES;
				CLANG_WARN_BOOL_CONVERSION = YES;
				CLANG_WARN_COMMA = YES;
				CLANG_WARN_CONSTANT_CONVERSION = YES;
				CLANG_WARN_DEPRECATED_OBJC_IMPLEMENTATIONS = YES;
				CLANG_WARN_DIRECT_OBJC_ISA_USAGE = YES_ERROR;
				CLANG_WARN_DOCUMENTATION_COMMENTS = YES;
				CLANG_WARN_EMPTY_BODY = YES;
				CLANG_WARN_ENUM_CONVERSION = YES;
				CLANG_WARN_INFINITE_RECURSION = YES;
				CLANG_WARN_INT_CONVERSION = YES;
				CLANG_WARN_NON_LITERAL_NULL_CONVERSION = YES;
				CLANG_WARN_OBJC_IMPLICIT_RETAIN_SELF = YES;
				CLANG_WARN_OBJC_LITERAL_CONVERSION = YES;
				CLANG_WARN_OBJC_ROOT_CLASS = YES_ERROR;
				CLANG_WARN_QUOTED_INCLUDE_IN_FRAMEWORK_HEADER = YES;
				CLANG_WARN_RANGE_LOOP_ANALYSIS = YES;
				CLANG_WARN_STRICT_PROTOTYPES = YES;
				CLANG_WARN_SUSPICIOUS_MOVE = YES;
				CLANG_WARN_UNGUARDED_AVAILABILITY = YES_AGGRESSIVE;
				CLANG_WARN_UNREACHABLE_CODE = YES;
				CLANG_WARN__DUPLICATE_METHOD_MATCH = YES;
				COPY_PHASE_STRIP = NO;
				DEBUG_INFORMATION_FORMAT = dwarf;
				ENABLE_STRICT_OBJC_MSGSEND = YES;
				ENABLE_TESTABILITY = YES;
				GCC_C_LANGUAGE_STANDARD = gnu11;
				GCC_DYNAMIC_NO_PIC = NO;
				GCC_NO_COMMON_BLOCKS = YES;
				GCC_OPTIMIZATION_LEVEL = 0;
				GCC_PREPROCESSOR_DEFINITIONS = (
					"DEBUG=1",
					"$(inherited)",
				);
				GCC_WARN_64_TO_32_BIT_CONVERSION = YES;
				GCC_WARN_ABOUT_RETURN_TYPE = YES_ERROR;
				GCC_WARN_UNDECLARED_SELECTOR = YES;
				GCC_WARN_UNINITIALIZED_AUTOS = YES_AGGRESSIVE;
				GCC_WARN_UNUSED_FUNCTION = YES;
				GCC_WARN_UNUSED_VARIABLE = YES;
				IPHONEOS_DEPLOYMENT_TARGET = 15.5;
				MTL_ENABLE_DEBUG_INFO = INCLUDE_SOURCE;
				MTL_FAST_MATH = YES;
				ONLY_ACTIVE_ARCH = YES;
				SDKROOT = iphoneos;
				SWIFT_ACTIVE_COMPILATION_CONDITIONS = DEBUG;
				SWIFT_OPTIMIZATION_LEVEL = "-Onone";
			};
			name = Debug;
		};
		FB3ED977286F806D00A856D8 /* Release */ = {
			isa = XCBuildConfiguration;
			buildSettings = {
				ALWAYS_SEARCH_USER_PATHS = NO;
				CLANG_ANALYZER_NONNULL = YES;
				CLANG_ANALYZER_NUMBER_OBJECT_CONVERSION = YES_AGGRESSIVE;
				CLANG_CXX_LANGUAGE_STANDARD = "gnu++17";
				CLANG_ENABLE_MODULES = YES;
				CLANG_ENABLE_OBJC_ARC = YES;
				CLANG_ENABLE_OBJC_WEAK = YES;
				CLANG_WARN_BLOCK_CAPTURE_AUTORELEASING = YES;
				CLANG_WARN_BOOL_CONVERSION = YES;
				CLANG_WARN_COMMA = YES;
				CLANG_WARN_CONSTANT_CONVERSION = YES;
				CLANG_WARN_DEPRECATED_OBJC_IMPLEMENTATIONS = YES;
				CLANG_WARN_DIRECT_OBJC_ISA_USAGE = YES_ERROR;
				CLANG_WARN_DOCUMENTATION_COMMENTS = YES;
				CLANG_WARN_EMPTY_BODY = YES;
				CLANG_WARN_ENUM_CONVERSION = YES;
				CLANG_WARN_INFINITE_RECURSION = YES;
				CLANG_WARN_INT_CONVERSION = YES;
				CLANG_WARN_NON_LITERAL_NULL_CONVERSION = YES;
				CLANG_WARN_OBJC_IMPLICIT_RETAIN_SELF = YES;
				CLANG_WARN_OBJC_LITERAL_CONVERSION = YES;
				CLANG_WARN_OBJC_ROOT_CLASS = YES_ERROR;
				CLANG_WARN_QUOTED_INCLUDE_IN_FRAMEWORK_HEADER = YES;
				CLANG_WARN_RANGE_LOOP_ANALYSIS = YES;
				CLANG_WARN_STRICT_PROTOTYPES = YES;
				CLANG_WARN_SUSPICIOUS_MOVE = YES;
				CLANG_WARN_UNGUARDED_AVAILABILITY = YES_AGGRESSIVE;
				CLANG_WARN_UNREACHABLE_CODE = YES;
				CLANG_WARN__DUPLICATE_METHOD_MATCH = YES;
				COPY_PHASE_STRIP = NO;
				DEBUG_INFORMATION_FORMAT = "dwarf-with-dsym";
				ENABLE_NS_ASSERTIONS = NO;
				ENABLE_STRICT_OBJC_MSGSEND = YES;
				GCC_C_LANGUAGE_STANDARD = gnu11;
				GCC_NO_COMMON_BLOCKS = YES;
				GCC_WARN_64_TO_32_BIT_CONVERSION = YES;
				GCC_WARN_ABOUT_RETURN_TYPE = YES_ERROR;
				GCC_WARN_UNDECLARED_SELECTOR = YES;
				GCC_WARN_UNINITIALIZED_AUTOS = YES_AGGRESSIVE;
				GCC_WARN_UNUSED_FUNCTION = YES;
				GCC_WARN_UNUSED_VARIABLE = YES;
				IPHONEOS_DEPLOYMENT_TARGET = 15.5;
				MTL_ENABLE_DEBUG_INFO = NO;
				MTL_FAST_MATH = YES;
				SDKROOT = iphoneos;
				SWIFT_COMPILATION_MODE = wholemodule;
				SWIFT_OPTIMIZATION_LEVEL = "-O";
				VALIDATE_PRODUCT = YES;
			};
			name = Release;
		};
		FB3ED979286F806D00A856D8 /* Debug */ = {
			isa = XCBuildConfiguration;
			buildSettings = {
				ASSETCATALOG_COMPILER_APPICON_NAME = AppIcon;
				ASSETCATALOG_COMPILER_GLOBAL_ACCENT_COLOR_NAME = AccentColor;
				CODE_SIGN_STYLE = Automatic;
				CURRENT_PROJECT_VERSION = 1;
				DEVELOPMENT_ASSET_PATHS = "\"SwiftConcurrency/Preview Content\"";
				DEVELOPMENT_TEAM = 3ZQ6HX5N5Z;
				ENABLE_PREVIEWS = YES;
				GENERATE_INFOPLIST_FILE = YES;
				INFOPLIST_KEY_UIApplicationSceneManifest_Generation = YES;
				INFOPLIST_KEY_UIApplicationSupportsIndirectInputEvents = YES;
				INFOPLIST_KEY_UILaunchScreen_Generation = YES;
				INFOPLIST_KEY_UISupportedInterfaceOrientations_iPad = "UIInterfaceOrientationPortrait UIInterfaceOrientationPortraitUpsideDown UIInterfaceOrientationLandscapeLeft UIInterfaceOrientationLandscapeRight";
				INFOPLIST_KEY_UISupportedInterfaceOrientations_iPhone = "UIInterfaceOrientationPortrait UIInterfaceOrientationLandscapeLeft UIInterfaceOrientationLandscapeRight";
				LD_RUNPATH_SEARCH_PATHS = (
					"$(inherited)",
					"@executable_path/Frameworks",
				);
				MARKETING_VERSION = 1.0;
				PRODUCT_BUNDLE_IDENTIFIER = home.SwiftConcurrency;
				PRODUCT_NAME = "$(TARGET_NAME)";
				SWIFT_EMIT_LOC_STRINGS = YES;
				SWIFT_VERSION = 5.0;
				TARGETED_DEVICE_FAMILY = "1,2";
			};
			name = Debug;
		};
		FB3ED97A286F806D00A856D8 /* Release */ = {
			isa = XCBuildConfiguration;
			buildSettings = {
				ASSETCATALOG_COMPILER_APPICON_NAME = AppIcon;
				ASSETCATALOG_COMPILER_GLOBAL_ACCENT_COLOR_NAME = AccentColor;
				CODE_SIGN_STYLE = Automatic;
				CURRENT_PROJECT_VERSION = 1;
				DEVELOPMENT_ASSET_PATHS = "\"SwiftConcurrency/Preview Content\"";
				DEVELOPMENT_TEAM = 3ZQ6HX5N5Z;
				ENABLE_PREVIEWS = YES;
				GENERATE_INFOPLIST_FILE = YES;
				INFOPLIST_KEY_UIApplicationSceneManifest_Generation = YES;
				INFOPLIST_KEY_UIApplicationSupportsIndirectInputEvents = YES;
				INFOPLIST_KEY_UILaunchScreen_Generation = YES;
				INFOPLIST_KEY_UISupportedInterfaceOrientations_iPad = "UIInterfaceOrientationPortrait UIInterfaceOrientationPortraitUpsideDown UIInterfaceOrientationLandscapeLeft UIInterfaceOrientationLandscapeRight";
				INFOPLIST_KEY_UISupportedInterfaceOrientations_iPhone = "UIInterfaceOrientationPortrait UIInterfaceOrientationLandscapeLeft UIInterfaceOrientationLandscapeRight";
				LD_RUNPATH_SEARCH_PATHS = (
					"$(inherited)",
					"@executable_path/Frameworks",
				);
				MARKETING_VERSION = 1.0;
				PRODUCT_BUNDLE_IDENTIFIER = home.SwiftConcurrency;
				PRODUCT_NAME = "$(TARGET_NAME)";
				SWIFT_EMIT_LOC_STRINGS = YES;
				SWIFT_VERSION = 5.0;
				TARGETED_DEVICE_FAMILY = "1,2";
			};
			name = Release;
		};
		FBAAEB1A287B67B200744259 /* Debug */ = {
			isa = XCBuildConfiguration;
			buildSettings = {
				BUNDLE_LOADER = "$(TEST_HOST)";
				CODE_SIGN_STYLE = Automatic;
				CURRENT_PROJECT_VERSION = 1;
				DEVELOPMENT_TEAM = 3ZQ6HX5N5Z;
				GENERATE_INFOPLIST_FILE = YES;
				MARKETING_VERSION = 1.0;
				PRODUCT_BUNDLE_IDENTIFIER = "home.UnitTesting-Tests";
				PRODUCT_NAME = "$(TARGET_NAME)";
				SWIFT_EMIT_LOC_STRINGS = NO;
				SWIFT_VERSION = 5.0;
				TARGETED_DEVICE_FAMILY = "1,2";
				TEST_HOST = "$(BUILT_PRODUCTS_DIR)/SwiftConcurrency.app/SwiftConcurrency";
			};
			name = Debug;
		};
		FBAAEB1B287B67B200744259 /* Release */ = {
			isa = XCBuildConfiguration;
			buildSettings = {
				BUNDLE_LOADER = "$(TEST_HOST)";
				CODE_SIGN_STYLE = Automatic;
				CURRENT_PROJECT_VERSION = 1;
				DEVELOPMENT_TEAM = 3ZQ6HX5N5Z;
				GENERATE_INFOPLIST_FILE = YES;
				MARKETING_VERSION = 1.0;
				PRODUCT_BUNDLE_IDENTIFIER = "home.UnitTesting-Tests";
				PRODUCT_NAME = "$(TARGET_NAME)";
				SWIFT_EMIT_LOC_STRINGS = NO;
				SWIFT_VERSION = 5.0;
				TARGETED_DEVICE_FAMILY = "1,2";
				TEST_HOST = "$(BUILT_PRODUCTS_DIR)/SwiftConcurrency.app/SwiftConcurrency";
			};
			name = Release;
		};
/* End XCBuildConfiguration section */

/* Begin XCConfigurationList section */
		FB3ED965286F806C00A856D8 /* Build configuration list for PBXProject "SwiftConcurrency" */ = {
			isa = XCConfigurationList;
			buildConfigurations = (
				FB3ED976286F806D00A856D8 /* Debug */,
				FB3ED977286F806D00A856D8 /* Release */,
			);
			defaultConfigurationIsVisible = 0;
			defaultConfigurationName = Release;
		};
		FB3ED978286F806D00A856D8 /* Build configuration list for PBXNativeTarget "SwiftConcurrency" */ = {
			isa = XCConfigurationList;
			buildConfigurations = (
				FB3ED979286F806D00A856D8 /* Debug */,
				FB3ED97A286F806D00A856D8 /* Release */,
			);
			defaultConfigurationIsVisible = 0;
			defaultConfigurationName = Release;
		};
		FBAAEB19287B67B200744259 /* Build configuration list for PBXNativeTarget "UnitTesting_Tests" */ = {
			isa = XCConfigurationList;
			buildConfigurations = (
				FBAAEB1A287B67B200744259 /* Debug */,
				FBAAEB1B287B67B200744259 /* Release */,
			);
			defaultConfigurationIsVisible = 0;
			defaultConfigurationName = Release;
		};
/* End XCConfigurationList section */
	};
	rootObject = FB3ED962286F806C00A856D8 /* Project object */;
}
